
Microsoft Visual Studio Solution File, Format Version 12.00
# Visual Studio Version 17
VisualStudioVersion = 17.11.35219.272
MinimumVisualStudioVersion = 10.0.40219.1
Project("{FAE04EC0-301F-11D3-BF4B-00C04F79EFBC}") = "API_Funcionarios", "API_Funcionarios\API_Funcionarios.csproj", "{8453DF2B-773C-48E7-B4E8-CD067F4EE2CD}"
EndProject
Global
	GlobalSection(SolutionConfigurationPlatforms) = preSolution
		Debug|Any CPU = Debug|Any CPU
		Release|Any CPU = Release|Any CPU
	EndGlobalSection
	GlobalSection(ProjectConfigurationPlatforms) = postSolution
		{8453DF2B-773C-48E7-B4E8-CD067F4EE2CD}.Debug|Any CPU.ActiveCfg = Debug|Any CPU
		{8453DF2B-773C-48E7-B4E8-CD067F4EE2CD}.Debug|Any CPU.Build.0 = Debug|Any CPU
		{8453DF2B-773C-48E7-B4E8-CD067F4EE2CD}.Release|Any CPU.ActiveCfg = Release|Any CPU
		{8453DF2B-773C-48E7-B4E8-CD067F4EE2CD}.Release|Any CPU.Build.0 = Release|Any CPU
	EndGlobalSection
	GlobalSection(SolutionProperties) = preSolution
		HideSolutionNode = FALSE
	EndGlobalSection
	GlobalSection(ExtensibilityGlobals) = postSolution
		SolutionGuid = {C37AD6A2-CF8E-4C0C-A235-61A87193B61F}
	EndGlobalSection
EndGlobal
